
Microsoft Visual Studio Solution File, Format Version 12.00
# Visual Studio 14
VisualStudioVersion = 14.0.25123.0
MinimumVisualStudioVersion = 10.0.40219.1
Project("{2150E333-8FDC-42A3-9474-1A3956D46DE8}") = "Data", "Data", "{88A82B1C-F89A-4CEC-9257-BBF30C7ADE02}"
EndProject
Project("{2150E333-8FDC-42A3-9474-1A3956D46DE8}") = "Services", "Services", "{BA1AF89B-3DC4-4429-AEB8-C3DBA9EBBA95}"
EndProject
Project("{FAE04EC0-301F-11D3-BF4B-00C04F79EFBC}") = "MyTinyBlog.Web", "MyTinyBlog.Web\MyTinyBlog.Web.csproj", "{675572B9-8B8F-4872-B304-7B523F28D766}"
EndProject
Project("{FAE04EC0-301F-11D3-BF4B-00C04F79EFBC}") = "MyTinyBlog.Data", "Data\MyTinyBlog.Data\MyTinyBlog.Data.csproj", "{34F09C77-DA02-4418-97B1-60E977C37B4B}"
EndProject
Project("{FAE04EC0-301F-11D3-BF4B-00C04F79EFBC}") = "MyTinyBlog.Data.Models", "Data\MyTintBlog.Data.Models\MyTinyBlog.Data.Models.csproj", "{642799C5-96AF-4820-91AE-FF9ECE32684F}"
EndProject
Project("{FAE04EC0-301F-11D3-BF4B-00C04F79EFBC}") = "MyTinyBlog.Data.Contracts", "Data\MyTinyBlog.Data.Contracts\MyTinyBlog.Data.Contracts.csproj", "{F1733F52-3604-4B4D-A131-ABBD7C2AEAB2}"
EndProject
Global
	GlobalSection(SolutionConfigurationPlatforms) = preSolution
		Debug|Any CPU = Debug|Any CPU
		Release|Any CPU = Release|Any CPU
	EndGlobalSection
	GlobalSection(ProjectConfigurationPlatforms) = postSolution
		{675572B9-8B8F-4872-B304-7B523F28D766}.Debug|Any CPU.ActiveCfg = Debug|Any CPU
		{675572B9-8B8F-4872-B304-7B523F28D766}.Debug|Any CPU.Build.0 = Debug|Any CPU
		{675572B9-8B8F-4872-B304-7B523F28D766}.Release|Any CPU.ActiveCfg = Release|Any CPU
		{675572B9-8B8F-4872-B304-7B523F28D766}.Release|Any CPU.Build.0 = Release|Any CPU
		{34F09C77-DA02-4418-97B1-60E977C37B4B}.Debug|Any CPU.ActiveCfg = Debug|Any CPU
		{34F09C77-DA02-4418-97B1-60E977C37B4B}.Debug|Any CPU.Build.0 = Debug|Any CPU
		{34F09C77-DA02-4418-97B1-60E977C37B4B}.Release|Any CPU.ActiveCfg = Release|Any CPU
		{34F09C77-DA02-4418-97B1-60E977C37B4B}.Release|Any CPU.Build.0 = Release|Any CPU
		{642799C5-96AF-4820-91AE-FF9ECE32684F}.Debug|Any CPU.ActiveCfg = Debug|Any CPU
		{642799C5-96AF-4820-91AE-FF9ECE32684F}.Debug|Any CPU.Build.0 = Debug|Any CPU
		{642799C5-96AF-4820-91AE-FF9ECE32684F}.Release|Any CPU.ActiveCfg = Release|Any CPU
		{642799C5-96AF-4820-91AE-FF9ECE32684F}.Release|Any CPU.Build.0 = Release|Any CPU
		{F1733F52-3604-4B4D-A131-ABBD7C2AEAB2}.Debug|Any CPU.ActiveCfg = Debug|Any CPU
		{F1733F52-3604-4B4D-A131-ABBD7C2AEAB2}.Debug|Any CPU.Build.0 = Debug|Any CPU
		{F1733F52-3604-4B4D-A131-ABBD7C2AEAB2}.Release|Any CPU.ActiveCfg = Release|Any CPU
		{F1733F52-3604-4B4D-A131-ABBD7C2AEAB2}.Release|Any CPU.Build.0 = Release|Any CPU
	EndGlobalSection
	GlobalSection(SolutionProperties) = preSolution
		HideSolutionNode = FALSE
	EndGlobalSection
	GlobalSection(NestedProjects) = preSolution
		{34F09C77-DA02-4418-97B1-60E977C37B4B} = {88A82B1C-F89A-4CEC-9257-BBF30C7ADE02}
		{642799C5-96AF-4820-91AE-FF9ECE32684F} = {88A82B1C-F89A-4CEC-9257-BBF30C7ADE02}
		{F1733F52-3604-4B4D-A131-ABBD7C2AEAB2} = {88A82B1C-F89A-4CEC-9257-BBF30C7ADE02}
	EndGlobalSection
EndGlobal
